
Microsoft Visual Studio Solution File, Format Version 12.00
# Visual Studio 2013
VisualStudioVersion = 12.0.40629.0
MinimumVisualStudioVersion = 10.0.40219.1
Project("{FAE04EC0-301F-11D3-BF4B-00C04F79EFBC}") = "GameTest", "GameTest\GameTest.csproj", "{F57E1513-29E5-458B-842D-7097EF311115}"
EndProject
Project("{FAE04EC0-301F-11D3-BF4B-00C04F79EFBC}") = "Library.Interfaces", "Library.Interfaces\Library.Interfaces.csproj", "{5BA15A59-E47A-4271-8A07-A778464F8C89}"
EndProject
Global
	GlobalSection(SolutionConfigurationPlatforms) = preSolution
		Debug|Any CPU = Debug|Any CPU
		Release|Any CPU = Release|Any CPU
	EndGlobalSection
	GlobalSection(ProjectConfigurationPlatforms) = postSolution
		{F57E1513-29E5-458B-842D-7097EF311115}.Debug|Any CPU.ActiveCfg = Debug|Any CPU
		{F57E1513-29E5-458B-842D-7097EF311115}.Debug|Any CPU.Build.0 = Debug|Any CPU
		{F57E1513-29E5-458B-842D-7097EF311115}.Release|Any CPU.ActiveCfg = Release|Any CPU
		{F57E1513-29E5-458B-842D-7097EF311115}.Release|Any CPU.Build.0 = Release|Any CPU
		{5BA15A59-E47A-4271-8A07-A778464F8C89}.Debug|Any CPU.ActiveCfg = Debug|Any CPU
		{5BA15A59-E47A-4271-8A07-A778464F8C89}.Debug|Any CPU.Build.0 = Debug|Any CPU
		{5BA15A59-E47A-4271-8A07-A778464F8C89}.Release|Any CPU.ActiveCfg = Release|Any CPU
		{5BA15A59-E47A-4271-8A07-A778464F8C89}.Release|Any CPU.Build.0 = Release|Any CPU
	EndGlobalSection
	GlobalSection(SolutionProperties) = preSolution
		HideSolutionNode = FALSE
	EndGlobalSection
EndGlobal
